
Microsoft Visual Studio Solution File, Format Version 12.00
Project("{2150E333-8FDC-42A3-9474-1A3956D46DE8}") = "src", "src", "{98456D33-594D-4E6D-830E-D3A044230B80}"
EndProject
Project("{2150E333-8FDC-42A3-9474-1A3956D46DE8}") = "core", "core", "{CCBE4247-88B0-492F-B111-D248A834E663}"
EndProject
Project("{2150E333-8FDC-42A3-9474-1A3956D46DE8}") = "external", "external", "{FD846BEF-9785-4544-AB9A-90D6841741C1}"
EndProject
Project("{FAE04EC0-301F-11D3-BF4B-00C04F79EFBC}") = "Api", "Api\Api.csproj", "{3A43E507-CDA8-4B1A-9FA4-A86C21EC3DAA}"
EndProject
Project("{FAE04EC0-301F-11D3-BF4B-00C04F79EFBC}") = "Infrastructure", "Infrastructure\Infrastructure.csproj", "{4662A562-BC8F-45B6-A77B-FF1261FDE570}"
EndProject
Project("{FAE04EC0-301F-11D3-BF4B-00C04F79EFBC}") = "Domain", "Domain\Domain.csproj", "{D0500C9C-DBC7-42CE-9EB6-8FA1C73D57C8}"
EndProject
Project("{FAE04EC0-301F-11D3-BF4B-00C04F79EFBC}") = "Application", "Application\Application.csproj", "{F409982B-007F-4510-B5D2-76863B19CFA3}"
EndProject
Global
	GlobalSection(SolutionConfigurationPlatforms) = preSolution
		Debug|Any CPU = Debug|Any CPU
		Release|Any CPU = Release|Any CPU
	EndGlobalSection
	GlobalSection(NestedProjects) = preSolution
		{CCBE4247-88B0-492F-B111-D248A834E663} = {98456D33-594D-4E6D-830E-D3A044230B80}
		{FD846BEF-9785-4544-AB9A-90D6841741C1} = {98456D33-594D-4E6D-830E-D3A044230B80}
		{3A43E507-CDA8-4B1A-9FA4-A86C21EC3DAA} = {FD846BEF-9785-4544-AB9A-90D6841741C1}
		{4662A562-BC8F-45B6-A77B-FF1261FDE570} = {FD846BEF-9785-4544-AB9A-90D6841741C1}
		{D0500C9C-DBC7-42CE-9EB6-8FA1C73D57C8} = {CCBE4247-88B0-492F-B111-D248A834E663}
		{F409982B-007F-4510-B5D2-76863B19CFA3} = {CCBE4247-88B0-492F-B111-D248A834E663}
	EndGlobalSection
	GlobalSection(ProjectConfigurationPlatforms) = postSolution
		{3A43E507-CDA8-4B1A-9FA4-A86C21EC3DAA}.Debug|Any CPU.ActiveCfg = Debug|Any CPU
		{3A43E507-CDA8-4B1A-9FA4-A86C21EC3DAA}.Debug|Any CPU.Build.0 = Debug|Any CPU
		{3A43E507-CDA8-4B1A-9FA4-A86C21EC3DAA}.Release|Any CPU.ActiveCfg = Release|Any CPU
		{3A43E507-CDA8-4B1A-9FA4-A86C21EC3DAA}.Release|Any CPU.Build.0 = Release|Any CPU
		{4662A562-BC8F-45B6-A77B-FF1261FDE570}.Debug|Any CPU.ActiveCfg = Debug|Any CPU
		{4662A562-BC8F-45B6-A77B-FF1261FDE570}.Debug|Any CPU.Build.0 = Debug|Any CPU
		{4662A562-BC8F-45B6-A77B-FF1261FDE570}.Release|Any CPU.ActiveCfg = Release|Any CPU
		{4662A562-BC8F-45B6-A77B-FF1261FDE570}.Release|Any CPU.Build.0 = Release|Any CPU
		{D0500C9C-DBC7-42CE-9EB6-8FA1C73D57C8}.Debug|Any CPU.ActiveCfg = Debug|Any CPU
		{D0500C9C-DBC7-42CE-9EB6-8FA1C73D57C8}.Debug|Any CPU.Build.0 = Debug|Any CPU
		{D0500C9C-DBC7-42CE-9EB6-8FA1C73D57C8}.Release|Any CPU.ActiveCfg = Release|Any CPU
		{D0500C9C-DBC7-42CE-9EB6-8FA1C73D57C8}.Release|Any CPU.Build.0 = Release|Any CPU
		{F409982B-007F-4510-B5D2-76863B19CFA3}.Debug|Any CPU.ActiveCfg = Debug|Any CPU
		{F409982B-007F-4510-B5D2-76863B19CFA3}.Debug|Any CPU.Build.0 = Debug|Any CPU
		{F409982B-007F-4510-B5D2-76863B19CFA3}.Release|Any CPU.ActiveCfg = Release|Any CPU
		{F409982B-007F-4510-B5D2-76863B19CFA3}.Release|Any CPU.Build.0 = Release|Any CPU
	EndGlobalSection
EndGlobal
